
Microsoft Visual Studio Solution File, Format Version 12.00
# Visual Studio Version 17
VisualStudioVersion = 17.9.34902.65
MinimumVisualStudioVersion = 10.0.40219.1
Project("{FAE04EC0-301F-11D3-BF4B-00C04F79EFBC}") = "Entidades", "Entidades\Entidades.csproj", "{D11AE13A-E652-475E-8F52-D2BDB07DF4D9}"
EndProject
Project("{FAE04EC0-301F-11D3-BF4B-00C04F79EFBC}") = "Test", "Test\Test.csproj", "{1CD0E61E-EB1D-4D25-BBB0-116A9D1DF71D}"
EndProject
Project("{FAE04EC0-301F-11D3-BF4B-00C04F79EFBC}") = "Program.cs", "Program.cs\Program.cs.csproj", "{76E5107A-0197-4711-8AD8-0FCBAB482F5B}"
EndProject
Global
	GlobalSection(SolutionConfigurationPlatforms) = preSolution
		Debug|Any CPU = Debug|Any CPU
		Release|Any CPU = Release|Any CPU
	EndGlobalSection
	GlobalSection(ProjectConfigurationPlatforms) = postSolution
		{D11AE13A-E652-475E-8F52-D2BDB07DF4D9}.Debug|Any CPU.ActiveCfg = Debug|Any CPU
		{D11AE13A-E652-475E-8F52-D2BDB07DF4D9}.Debug|Any CPU.Build.0 = Debug|Any CPU
		{D11AE13A-E652-475E-8F52-D2BDB07DF4D9}.Release|Any CPU.ActiveCfg = Release|Any CPU
		{D11AE13A-E652-475E-8F52-D2BDB07DF4D9}.Release|Any CPU.Build.0 = Release|Any CPU
		{1CD0E61E-EB1D-4D25-BBB0-116A9D1DF71D}.Debug|Any CPU.ActiveCfg = Debug|Any CPU
		{1CD0E61E-EB1D-4D25-BBB0-116A9D1DF71D}.Debug|Any CPU.Build.0 = Debug|Any CPU
		{1CD0E61E-EB1D-4D25-BBB0-116A9D1DF71D}.Release|Any CPU.ActiveCfg = Release|Any CPU
		{1CD0E61E-EB1D-4D25-BBB0-116A9D1DF71D}.Release|Any CPU.Build.0 = Release|Any CPU
		{76E5107A-0197-4711-8AD8-0FCBAB482F5B}.Debug|Any CPU.ActiveCfg = Debug|Any CPU
		{76E5107A-0197-4711-8AD8-0FCBAB482F5B}.Debug|Any CPU.Build.0 = Debug|Any CPU
		{76E5107A-0197-4711-8AD8-0FCBAB482F5B}.Release|Any CPU.ActiveCfg = Release|Any CPU
		{76E5107A-0197-4711-8AD8-0FCBAB482F5B}.Release|Any CPU.Build.0 = Release|Any CPU
	EndGlobalSection
	GlobalSection(SolutionProperties) = preSolution
		HideSolutionNode = FALSE
	EndGlobalSection
	GlobalSection(ExtensibilityGlobals) = postSolution
		SolutionGuid = {AAEE05E7-BF09-4A4E-B3B1-87C3F802AC6E}
	EndGlobalSection
EndGlobal
